
Microsoft Visual Studio Solution File, Format Version 12.00
# Visual Studio 14
VisualStudioVersion = 14.0.23107.0
MinimumVisualStudioVersion = 10.0.40219.1
Project("{A07B5EB6-E848-4116-A8D0-A826331D98C6}") = "SimpleStatelessActors", "SimpleStatelessActors\SimpleStatelessActors.sfproj", "{7F822667-7C70-426B-8371-B0A6C49115F7}"
EndProject
Project("{FAE04EC0-301F-11D3-BF4B-00C04F79EFBC}") = "SimpleStatelessActor", "SimpleStatelessActor\SimpleStatelessActor.csproj", "{3B6DF41D-783E-4B9B-80A4-C307082CC4D7}"
EndProject
Project("{FAE04EC0-301F-11D3-BF4B-00C04F79EFBC}") = "SimpleStatelessActor.Interfaces", "SimpleStatelessActor.Interfaces\SimpleStatelessActor.Interfaces.csproj", "{462C4CF0-96A7-4693-89D1-8FB161A32061}"
EndProject
Project("{2150E333-8FDC-42A3-9474-1A3956D46DE8}") = "SimpleStatelessActorsDemo", "SimpleStatelessActorsDemo", "{FC00ABCF-DA19-444F-805E-FC11369F55A8}"
EndProject
Project("{FAE04EC0-301F-11D3-BF4B-00C04F79EFBC}") = "SimpleStatelessActorClient", "SimpleStatelessActorClient\SimpleStatelessActorClient.csproj", "{4EB3E72A-4FD2-462D-9AD7-EA34650DA6E3}"
EndProject
Project("{2150E333-8FDC-42A3-9474-1A3956D46DE8}") = "MultipleActorsDemo", "MultipleActorsDemo", "{81DAE14A-1C2C-421A-A7B3-9995351E957E}"
EndProject
Project("{A07B5EB6-E848-4116-A8D0-A826331D98C6}") = "MultipleActors", "MultipleActors\MultipleActors.sfproj", "{407E9E83-1CE3-4B97-A6D2-24F3E57F48DB}"
EndProject
Project("{FAE04EC0-301F-11D3-BF4B-00C04F79EFBC}") = "GrumpyActor", "GrumpyActor\GrumpyActor.csproj", "{EE6DC46D-B201-4824-88AC-3F22480FCFA6}"
EndProject
Project("{FAE04EC0-301F-11D3-BF4B-00C04F79EFBC}") = "GrumpyActor.Interfaces", "GrumpyActor.Interfaces\GrumpyActor.Interfaces.csproj", "{32F8B1C9-6F08-41D7-B14B-0470F5B1903E}"
EndProject
Project("{FAE04EC0-301F-11D3-BF4B-00C04F79EFBC}") = "HappyActor", "HappyActor\HappyActor.csproj", "{76C2582D-25DF-4E5A-A8AC-2211930F6E8B}"
EndProject
Project("{FAE04EC0-301F-11D3-BF4B-00C04F79EFBC}") = "HappyActor.Interfaces", "HappyActor.Interfaces\HappyActor.Interfaces.csproj", "{FE241745-F546-488A-A4B3-89A9AA0A24F1}"
EndProject
Project("{FAE04EC0-301F-11D3-BF4B-00C04F79EFBC}") = "MultipleActors.Interfaces", "MultipleActors.Interfaces\MultipleActors.Interfaces.csproj", "{8C66BD64-D3AE-44AE-AD64-4075F2D76952}"
EndProject
Project("{FAE04EC0-301F-11D3-BF4B-00C04F79EFBC}") = "MultipleActorClient", "MultipleActorClient\MultipleActorClient.csproj", "{75465047-B68E-40C1-9100-9555EE7CC785}"
EndProject
Global
	GlobalSection(SolutionConfigurationPlatforms) = preSolution
		Debug|Any CPU = Debug|Any CPU
		Debug|x64 = Debug|x64
		Release|Any CPU = Release|Any CPU
		Release|x64 = Release|x64
	EndGlobalSection
	GlobalSection(ProjectConfigurationPlatforms) = postSolution
		{7F822667-7C70-426B-8371-B0A6C49115F7}.Debug|Any CPU.ActiveCfg = Debug|x64
		{7F822667-7C70-426B-8371-B0A6C49115F7}.Debug|x64.ActiveCfg = Debug|x64
		{7F822667-7C70-426B-8371-B0A6C49115F7}.Debug|x64.Build.0 = Debug|x64
		{7F822667-7C70-426B-8371-B0A6C49115F7}.Debug|x64.Deploy.0 = Debug|x64
		{7F822667-7C70-426B-8371-B0A6C49115F7}.Release|Any CPU.ActiveCfg = Release|x64
		{7F822667-7C70-426B-8371-B0A6C49115F7}.Release|x64.ActiveCfg = Release|x64
		{7F822667-7C70-426B-8371-B0A6C49115F7}.Release|x64.Build.0 = Release|x64
		{7F822667-7C70-426B-8371-B0A6C49115F7}.Release|x64.Deploy.0 = Release|x64
		{3B6DF41D-783E-4B9B-80A4-C307082CC4D7}.Debug|Any CPU.ActiveCfg = Debug|x64
		{3B6DF41D-783E-4B9B-80A4-C307082CC4D7}.Debug|x64.ActiveCfg = Debug|x64
		{3B6DF41D-783E-4B9B-80A4-C307082CC4D7}.Debug|x64.Build.0 = Debug|x64
		{3B6DF41D-783E-4B9B-80A4-C307082CC4D7}.Release|Any CPU.ActiveCfg = Release|x64
		{3B6DF41D-783E-4B9B-80A4-C307082CC4D7}.Release|x64.ActiveCfg = Release|x64
		{3B6DF41D-783E-4B9B-80A4-C307082CC4D7}.Release|x64.Build.0 = Release|x64
		{462C4CF0-96A7-4693-89D1-8FB161A32061}.Debug|Any CPU.ActiveCfg = Debug|x64
		{462C4CF0-96A7-4693-89D1-8FB161A32061}.Debug|x64.ActiveCfg = Debug|x64
		{462C4CF0-96A7-4693-89D1-8FB161A32061}.Debug|x64.Build.0 = Debug|x64
		{462C4CF0-96A7-4693-89D1-8FB161A32061}.Release|Any CPU.ActiveCfg = Release|x64
		{462C4CF0-96A7-4693-89D1-8FB161A32061}.Release|x64.ActiveCfg = Release|x64
		{462C4CF0-96A7-4693-89D1-8FB161A32061}.Release|x64.Build.0 = Release|x64
		{4EB3E72A-4FD2-462D-9AD7-EA34650DA6E3}.Debug|Any CPU.ActiveCfg = Debug|Any CPU
		{4EB3E72A-4FD2-462D-9AD7-EA34650DA6E3}.Debug|Any CPU.Build.0 = Debug|Any CPU
		{4EB3E72A-4FD2-462D-9AD7-EA34650DA6E3}.Debug|x64.ActiveCfg = Debug|Any CPU
		{4EB3E72A-4FD2-462D-9AD7-EA34650DA6E3}.Debug|x64.Build.0 = Debug|Any CPU
		{4EB3E72A-4FD2-462D-9AD7-EA34650DA6E3}.Release|Any CPU.ActiveCfg = Release|Any CPU
		{4EB3E72A-4FD2-462D-9AD7-EA34650DA6E3}.Release|Any CPU.Build.0 = Release|Any CPU
		{4EB3E72A-4FD2-462D-9AD7-EA34650DA6E3}.Release|x64.ActiveCfg = Release|Any CPU
		{4EB3E72A-4FD2-462D-9AD7-EA34650DA6E3}.Release|x64.Build.0 = Release|Any CPU
		{407E9E83-1CE3-4B97-A6D2-24F3E57F48DB}.Debug|Any CPU.ActiveCfg = Debug|x64
		{407E9E83-1CE3-4B97-A6D2-24F3E57F48DB}.Debug|x64.ActiveCfg = Debug|x64
		{407E9E83-1CE3-4B97-A6D2-24F3E57F48DB}.Debug|x64.Build.0 = Debug|x64
		{407E9E83-1CE3-4B97-A6D2-24F3E57F48DB}.Debug|x64.Deploy.0 = Debug|x64
		{407E9E83-1CE3-4B97-A6D2-24F3E57F48DB}.Release|Any CPU.ActiveCfg = Release|x64
		{407E9E83-1CE3-4B97-A6D2-24F3E57F48DB}.Release|x64.ActiveCfg = Release|x64
		{407E9E83-1CE3-4B97-A6D2-24F3E57F48DB}.Release|x64.Build.0 = Release|x64
		{407E9E83-1CE3-4B97-A6D2-24F3E57F48DB}.Release|x64.Deploy.0 = Release|x64
		{EE6DC46D-B201-4824-88AC-3F22480FCFA6}.Debug|Any CPU.ActiveCfg = Debug|x64
		{EE6DC46D-B201-4824-88AC-3F22480FCFA6}.Debug|x64.ActiveCfg = Debug|x64
		{EE6DC46D-B201-4824-88AC-3F22480FCFA6}.Debug|x64.Build.0 = Debug|x64
		{EE6DC46D-B201-4824-88AC-3F22480FCFA6}.Release|Any CPU.ActiveCfg = Release|x64
		{EE6DC46D-B201-4824-88AC-3F22480FCFA6}.Release|x64.ActiveCfg = Release|x64
		{EE6DC46D-B201-4824-88AC-3F22480FCFA6}.Release|x64.Build.0 = Release|x64
		{32F8B1C9-6F08-41D7-B14B-0470F5B1903E}.Debug|Any CPU.ActiveCfg = Debug|x64
		{32F8B1C9-6F08-41D7-B14B-0470F5B1903E}.Debug|x64.ActiveCfg = Debug|x64
		{32F8B1C9-6F08-41D7-B14B-0470F5B1903E}.Debug|x64.Build.0 = Debug|x64
		{32F8B1C9-6F08-41D7-B14B-0470F5B1903E}.Release|Any CPU.ActiveCfg = Release|x64
		{32F8B1C9-6F08-41D7-B14B-0470F5B1903E}.Release|x64.ActiveCfg = Release|x64
		{32F8B1C9-6F08-41D7-B14B-0470F5B1903E}.Release|x64.Build.0 = Release|x64
		{76C2582D-25DF-4E5A-A8AC-2211930F6E8B}.Debug|Any CPU.ActiveCfg = Debug|x64
		{76C2582D-25DF-4E5A-A8AC-2211930F6E8B}.Debug|x64.ActiveCfg = Debug|x64
		{76C2582D-25DF-4E5A-A8AC-2211930F6E8B}.Debug|x64.Build.0 = Debug|x64
		{76C2582D-25DF-4E5A-A8AC-2211930F6E8B}.Release|Any CPU.ActiveCfg = Release|x64
		{76C2582D-25DF-4E5A-A8AC-2211930F6E8B}.Release|x64.ActiveCfg = Release|x64
		{76C2582D-25DF-4E5A-A8AC-2211930F6E8B}.Release|x64.Build.0 = Release|x64
		{FE241745-F546-488A-A4B3-89A9AA0A24F1}.Debug|Any CPU.ActiveCfg = Debug|x64
		{FE241745-F546-488A-A4B3-89A9AA0A24F1}.Debug|x64.ActiveCfg = Debug|x64
		{FE241745-F546-488A-A4B3-89A9AA0A24F1}.Debug|x64.Build.0 = Debug|x64
		{FE241745-F546-488A-A4B3-89A9AA0A24F1}.Release|Any CPU.ActiveCfg = Release|x64
		{FE241745-F546-488A-A4B3-89A9AA0A24F1}.Release|x64.ActiveCfg = Release|x64
		{FE241745-F546-488A-A4B3-89A9AA0A24F1}.Release|x64.Build.0 = Release|x64
		{8C66BD64-D3AE-44AE-AD64-4075F2D76952}.Debug|Any CPU.ActiveCfg = Debug|Any CPU
		{8C66BD64-D3AE-44AE-AD64-4075F2D76952}.Debug|Any CPU.Build.0 = Debug|Any CPU
		{8C66BD64-D3AE-44AE-AD64-4075F2D76952}.Debug|x64.ActiveCfg = Debug|Any CPU
		{8C66BD64-D3AE-44AE-AD64-4075F2D76952}.Debug|x64.Build.0 = Debug|Any CPU
		{8C66BD64-D3AE-44AE-AD64-4075F2D76952}.Release|Any CPU.ActiveCfg = Release|Any CPU
		{8C66BD64-D3AE-44AE-AD64-4075F2D76952}.Release|Any CPU.Build.0 = Release|Any CPU
		{8C66BD64-D3AE-44AE-AD64-4075F2D76952}.Release|x64.ActiveCfg = Release|Any CPU
		{8C66BD64-D3AE-44AE-AD64-4075F2D76952}.Release|x64.Build.0 = Release|Any CPU
		{75465047-B68E-40C1-9100-9555EE7CC785}.Debug|Any CPU.ActiveCfg = Debug|Any CPU
		{75465047-B68E-40C1-9100-9555EE7CC785}.Debug|Any CPU.Build.0 = Debug|Any CPU
		{75465047-B68E-40C1-9100-9555EE7CC785}.Debug|x64.ActiveCfg = Debug|Any CPU
		{75465047-B68E-40C1-9100-9555EE7CC785}.Debug|x64.Build.0 = Debug|Any CPU
		{75465047-B68E-40C1-9100-9555EE7CC785}.Release|Any CPU.ActiveCfg = Release|Any CPU
		{75465047-B68E-40C1-9100-9555EE7CC785}.Release|Any CPU.Build.0 = Release|Any CPU
		{75465047-B68E-40C1-9100-9555EE7CC785}.Release|x64.ActiveCfg = Release|Any CPU
		{75465047-B68E-40C1-9100-9555EE7CC785}.Release|x64.Build.0 = Release|Any CPU
	EndGlobalSection
	GlobalSection(SolutionProperties) = preSolution
		HideSolutionNode = FALSE
	EndGlobalSection
	GlobalSection(NestedProjects) = preSolution
		{7F822667-7C70-426B-8371-B0A6C49115F7} = {FC00ABCF-DA19-444F-805E-FC11369F55A8}
		{3B6DF41D-783E-4B9B-80A4-C307082CC4D7} = {FC00ABCF-DA19-444F-805E-FC11369F55A8}
		{462C4CF0-96A7-4693-89D1-8FB161A32061} = {FC00ABCF-DA19-444F-805E-FC11369F55A8}
		{4EB3E72A-4FD2-462D-9AD7-EA34650DA6E3} = {FC00ABCF-DA19-444F-805E-FC11369F55A8}
		{407E9E83-1CE3-4B97-A6D2-24F3E57F48DB} = {81DAE14A-1C2C-421A-A7B3-9995351E957E}
		{EE6DC46D-B201-4824-88AC-3F22480FCFA6} = {81DAE14A-1C2C-421A-A7B3-9995351E957E}
		{32F8B1C9-6F08-41D7-B14B-0470F5B1903E} = {81DAE14A-1C2C-421A-A7B3-9995351E957E}
		{76C2582D-25DF-4E5A-A8AC-2211930F6E8B} = {81DAE14A-1C2C-421A-A7B3-9995351E957E}
		{FE241745-F546-488A-A4B3-89A9AA0A24F1} = {81DAE14A-1C2C-421A-A7B3-9995351E957E}
		{8C66BD64-D3AE-44AE-AD64-4075F2D76952} = {81DAE14A-1C2C-421A-A7B3-9995351E957E}
		{75465047-B68E-40C1-9100-9555EE7CC785} = {81DAE14A-1C2C-421A-A7B3-9995351E957E}
	EndGlobalSection
EndGlobal
